
Microsoft Visual Studio Solution File, Format Version 12.00
# Visual Studio Version 17
VisualStudioVersion = 17.5.002.0
MinimumVisualStudioVersion = 10.0.40219.1
Project("{9A19103F-16F7-4668-BE54-9A1E7A4F7556}") = "PersonalTask", "PersonalTask.csproj", "{635253D3-FC2F-4BCD-BDE8-471E74CC63B5}"
EndProject
Global
	GlobalSection(SolutionConfigurationPlatforms) = preSolution
		Debug|Any CPU = Debug|Any CPU
		Release|Any CPU = Release|Any CPU
	EndGlobalSection
	GlobalSection(ProjectConfigurationPlatforms) = postSolution
		{635253D3-FC2F-4BCD-BDE8-471E74CC63B5}.Debug|Any CPU.ActiveCfg = Debug|Any CPU
		{635253D3-FC2F-4BCD-BDE8-471E74CC63B5}.Debug|Any CPU.Build.0 = Debug|Any CPU
		{635253D3-FC2F-4BCD-BDE8-471E74CC63B5}.Release|Any CPU.ActiveCfg = Release|Any CPU
		{635253D3-FC2F-4BCD-BDE8-471E74CC63B5}.Release|Any CPU.Build.0 = Release|Any CPU
	EndGlobalSection
	GlobalSection(SolutionProperties) = preSolution
		HideSolutionNode = FALSE
	EndGlobalSection
	GlobalSection(ExtensibilityGlobals) = postSolution
		SolutionGuid = {E93D1683-D4C1-483A-900C-452F60F50CF0}
	EndGlobalSection
EndGlobal
